
Microsoft Visual Studio Solution File, Format Version 12.00
# Visual Studio 2012
Project("{FAE04EC0-301F-11D3-BF4B-00C04F79EFBC}") = "UltraBenchmarker1337", "UltraBenchmarker1337\UltraBenchmarker1337.csproj", "{4CD4A5F0-FDA9-4E16-AC98-F9CF21138146}"
EndProject
Global
	GlobalSection(SolutionConfigurationPlatforms) = preSolution
		Debug|Any CPU = Debug|Any CPU
		Release|Any CPU = Release|Any CPU
	EndGlobalSection
	GlobalSection(ProjectConfigurationPlatforms) = postSolution
		{4CD4A5F0-FDA9-4E16-AC98-F9CF21138146}.Debug|Any CPU.ActiveCfg = Debug|Any CPU
		{4CD4A5F0-FDA9-4E16-AC98-F9CF21138146}.Debug|Any CPU.Build.0 = Debug|Any CPU
		{4CD4A5F0-FDA9-4E16-AC98-F9CF21138146}.Release|Any CPU.ActiveCfg = Release|Any CPU
		{4CD4A5F0-FDA9-4E16-AC98-F9CF21138146}.Release|Any CPU.Build.0 = Release|Any CPU
	EndGlobalSection
	GlobalSection(SolutionProperties) = preSolution
		HideSolutionNode = FALSE
	EndGlobalSection
EndGlobal
